
Microsoft Visual Studio Solution File, Format Version 12.00
# Visual Studio 15
VisualStudioVersion = 15.0.27703.1
MinimumVisualStudioVersion = 10.0.40219.1
Project("{FAE04EC0-301F-11D3-BF4B-00C04F79EFBC}") = "DatabaseConnectedW05", "DatabaseConnectedW05\DatabaseConnectedW05.csproj", "{4C02C523-B2A8-4314-A12B-DAD51E413209}"
EndProject
Global
	GlobalSection(SolutionConfigurationPlatforms) = preSolution
		Debug|Any CPU = Debug|Any CPU
		Release|Any CPU = Release|Any CPU
	EndGlobalSection
	GlobalSection(ProjectConfigurationPlatforms) = postSolution
		{4C02C523-B2A8-4314-A12B-DAD51E413209}.Debug|Any CPU.ActiveCfg = Debug|Any CPU
		{4C02C523-B2A8-4314-A12B-DAD51E413209}.Debug|Any CPU.Build.0 = Debug|Any CPU
		{4C02C523-B2A8-4314-A12B-DAD51E413209}.Release|Any CPU.ActiveCfg = Release|Any CPU
		{4C02C523-B2A8-4314-A12B-DAD51E413209}.Release|Any CPU.Build.0 = Release|Any CPU
	EndGlobalSection
	GlobalSection(SolutionProperties) = preSolution
		HideSolutionNode = FALSE
	EndGlobalSection
	GlobalSection(ExtensibilityGlobals) = postSolution
		SolutionGuid = {D824C983-5D13-4A91-9D0A-7EEC03FAE231}
	EndGlobalSection
EndGlobal
